
Microsoft Visual Studio Solution File, Format Version 12.00
# Visual Studio Version 16
VisualStudioVersion = 16.0.30225.117
MinimumVisualStudioVersion = 10.0.40219.1
Project("{FAE04EC0-301F-11D3-BF4B-00C04F79EFBC}") = "BudgetTrack", "BudgetTrack\BudgetTrack.csproj", "{FBC9391D-1C2F-4E8D-928B-32666B564500}"
EndProject
Global
	GlobalSection(SolutionConfigurationPlatforms) = preSolution
		Debug|Any CPU = Debug|Any CPU
		Release|Any CPU = Release|Any CPU
	EndGlobalSection
	GlobalSection(ProjectConfigurationPlatforms) = postSolution
		{FBC9391D-1C2F-4E8D-928B-32666B564500}.Debug|Any CPU.ActiveCfg = Debug|Any CPU
		{FBC9391D-1C2F-4E8D-928B-32666B564500}.Debug|Any CPU.Build.0 = Debug|Any CPU
		{FBC9391D-1C2F-4E8D-928B-32666B564500}.Release|Any CPU.ActiveCfg = Release|Any CPU
		{FBC9391D-1C2F-4E8D-928B-32666B564500}.Release|Any CPU.Build.0 = Release|Any CPU
	EndGlobalSection
	GlobalSection(SolutionProperties) = preSolution
		HideSolutionNode = FALSE
	EndGlobalSection
	GlobalSection(ExtensibilityGlobals) = postSolution
		SolutionGuid = {889BD391-6C36-4534-A9E9-887A38422389}
	EndGlobalSection
EndGlobal
